
Microsoft Visual Studio Solution File, Format Version 12.00
# Visual Studio Version 16
VisualStudioVersion = 16.0.31729.503
MinimumVisualStudioVersion = 10.0.40219.1
Project("{FAE04EC0-301F-11D3-BF4B-00C04F79EFBC}") = "Products", "Products\Products.csproj", "{C3B68848-1B53-44A7-B2ED-FA05F6812445}"
EndProject
Global
	GlobalSection(SolutionConfigurationPlatforms) = preSolution
		Debug|Any CPU = Debug|Any CPU
		Release|Any CPU = Release|Any CPU
	EndGlobalSection
	GlobalSection(ProjectConfigurationPlatforms) = postSolution
		{C3B68848-1B53-44A7-B2ED-FA05F6812445}.Debug|Any CPU.ActiveCfg = Debug|Any CPU
		{C3B68848-1B53-44A7-B2ED-FA05F6812445}.Debug|Any CPU.Build.0 = Debug|Any CPU
		{C3B68848-1B53-44A7-B2ED-FA05F6812445}.Release|Any CPU.ActiveCfg = Release|Any CPU
		{C3B68848-1B53-44A7-B2ED-FA05F6812445}.Release|Any CPU.Build.0 = Release|Any CPU
	EndGlobalSection
	GlobalSection(SolutionProperties) = preSolution
		HideSolutionNode = FALSE
	EndGlobalSection
	GlobalSection(ExtensibilityGlobals) = postSolution
		SolutionGuid = {647327C1-E4E0-4877-8C23-1FAC1556D31D}
	EndGlobalSection
EndGlobal
